
Microsoft Visual Studio Solution File, Format Version 12.00
# Visual Studio Version 17
VisualStudioVersion = 17.9.34616.47
MinimumVisualStudioVersion = 10.0.40219.1
Project("{8BC9CEB8-8B4A-11D0-8D11-00A0C91BC942}") = "ucp1_pemdas", "ucp1_pemdas\ucp1_pemdas.vcxproj", "{72AB3C92-BE47-4E95-946A-9F919C07E40D}"
EndProject
Global
	GlobalSection(SolutionConfigurationPlatforms) = preSolution
		Debug|x64 = Debug|x64
		Debug|x86 = Debug|x86
		Release|x64 = Release|x64
		Release|x86 = Release|x86
	EndGlobalSection
	GlobalSection(ProjectConfigurationPlatforms) = postSolution
		{72AB3C92-BE47-4E95-946A-9F919C07E40D}.Debug|x64.ActiveCfg = Debug|x64
		{72AB3C92-BE47-4E95-946A-9F919C07E40D}.Debug|x64.Build.0 = Debug|x64
		{72AB3C92-BE47-4E95-946A-9F919C07E40D}.Debug|x86.ActiveCfg = Debug|Win32
		{72AB3C92-BE47-4E95-946A-9F919C07E40D}.Debug|x86.Build.0 = Debug|Win32
		{72AB3C92-BE47-4E95-946A-9F919C07E40D}.Release|x64.ActiveCfg = Release|x64
		{72AB3C92-BE47-4E95-946A-9F919C07E40D}.Release|x64.Build.0 = Release|x64
		{72AB3C92-BE47-4E95-946A-9F919C07E40D}.Release|x86.ActiveCfg = Release|Win32
		{72AB3C92-BE47-4E95-946A-9F919C07E40D}.Release|x86.Build.0 = Release|Win32
	EndGlobalSection
	GlobalSection(SolutionProperties) = preSolution
		HideSolutionNode = FALSE
	EndGlobalSection
	GlobalSection(ExtensibilityGlobals) = postSolution
		SolutionGuid = {65F6E767-F885-49AC-989F-34A1841EA488}
	EndGlobalSection
EndGlobal
